// !$*UTF8*$!
{
	archiveVersion = 1;
	classes = {
	};
	objectVersion = 50;
	objects = {

/* Begin PBXBuildFile section */
		C33D4704266ED7DE004C0437 /* ImageView.swift in Sources */ = {isa = PBXBuildFile; fileRef = C33D4703266ED7DE004C0437 /* ImageView.swift */; };
		C33D470A266EEE17004C0437 /* MainView.swift in Sources */ = {isa = PBXBuildFile; fileRef = C33D4709266EEE17004C0437 /* MainView.swift */; };
		C33D470D266EF22B004C0437 /* Programmer.swift in Sources */ = {isa = PBXBuildFile; fileRef = C33D470C266EF22B004C0437 /* Programmer.swift */; };
		C33D4710266EF29A004C0437 /* RowView.swift in Sources */ = {isa = PBXBuildFile; fileRef = C33D470F266EF29A004C0437 /* RowView.swift */; };
		C33D4712266EF809004C0437 /* ListView.swift in Sources */ = {isa = PBXBuildFile; fileRef = C33D4711266EF809004C0437 /* ListView.swift */; };
		C33D4714266EFA48004C0437 /* ListDetailView.swift in Sources */ = {isa = PBXBuildFile; fileRef = C33D4713266EFA48004C0437 /* ListDetailView.swift */; };
		C33D4717266F0C2E004C0437 /* StateView.swift in Sources */ = {isa = PBXBuildFile; fileRef = C33D4716266F0C2E004C0437 /* StateView.swift */; };
		C33D4719266F0D29004C0437 /* BindingView.swift in Sources */ = {isa = PBXBuildFile; fileRef = C33D4718266F0D29004C0437 /* BindingView.swift */; };
		C345AB9F266F91640078E5E7 /* EnvironmentView.swift in Sources */ = {isa = PBXBuildFile; fileRef = C345AB9E266F91640078E5E7 /* EnvironmentView.swift */; };
		C345ABA2266FB31B0078E5E7 /* Dispositive.swift in Sources */ = {isa = PBXBuildFile; fileRef = C345ABA1266FB31B0078E5E7 /* Dispositive.swift */; };
		C3A6097D26727F6D00CCBFCD /* Controller3AxisView.swift in Sources */ = {isa = PBXBuildFile; fileRef = C3A6097C26727F6D00CCBFCD /* Controller3AxisView.swift */; };
		C3A6097F2672823E00CCBFCD /* ControllerFenotipado.swift in Sources */ = {isa = PBXBuildFile; fileRef = C3A6097E2672823E00CCBFCD /* ControllerFenotipado.swift */; };
		C3CC7FF8266E7ADA0067B857 /* ControlADOXApp.swift in Sources */ = {isa = PBXBuildFile; fileRef = C3CC7FF7266E7ADA0067B857 /* ControlADOXApp.swift */; };
		C3CC7FFA266E7ADA0067B857 /* ContentView.swift in Sources */ = {isa = PBXBuildFile; fileRef = C3CC7FF9266E7ADA0067B857 /* ContentView.swift */; };
		C3CC7FFC266E7ADB0067B857 /* Assets.xcassets in Resources */ = {isa = PBXBuildFile; fileRef = C3CC7FFB266E7ADB0067B857 /* Assets.xcassets */; };
		C3CC7FFF266E7ADB0067B857 /* Preview Assets.xcassets in Resources */ = {isa = PBXBuildFile; fileRef = C3CC7FFE266E7ADB0067B857 /* Preview Assets.xcassets */; };
		C3CC800A266E7ADB0067B857 /* ControlADOXTests.swift in Sources */ = {isa = PBXBuildFile; fileRef = C3CC8009266E7ADB0067B857 /* ControlADOXTests.swift */; };
		C3CC8015266E7ADB0067B857 /* ControlADOXUITests.swift in Sources */ = {isa = PBXBuildFile; fileRef = C3CC8014266E7ADB0067B857 /* ControlADOXUITests.swift */; };
/* End PBXBuildFile section */

/* Begin PBXContainerItemProxy section */
		C3CC8006266E7ADB0067B857 /* PBXContainerItemProxy */ = {
			isa = PBXContainerItemProxy;
			containerPortal = C3CC7FEC266E7ADA0067B857 /* Project object */;
			proxyType = 1;
			remoteGlobalIDString = C3CC7FF3266E7ADA0067B857;
			remoteInfo = ControlADOX;
		};
		C3CC8011266E7ADB0067B857 /* PBXContainerItemProxy */ = {
			isa = PBXContainerItemProxy;
			containerPortal = C3CC7FEC266E7ADA0067B857 /* Project object */;
			proxyType = 1;
			remoteGlobalIDString = C3CC7FF3266E7ADA0067B857;
			remoteInfo = ControlADOX;
		};
/* End PBXContainerItemProxy section */

/* Begin PBXFileReference section */
		C33D4703266ED7DE004C0437 /* ImageView.swift */ = {isa = PBXFileReference; lastKnownFileType = sourcecode.swift; path = ImageView.swift; sourceTree = "<group>"; };
		C33D4709266EEE17004C0437 /* MainView.swift */ = {isa = PBXFileReference; lastKnownFileType = sourcecode.swift; path = MainView.swift; sourceTree = "<group>"; };
		C33D470C266EF22B004C0437 /* Programmer.swift */ = {isa = PBXFileReference; lastKnownFileType = sourcecode.swift; path = Programmer.swift; sourceTree = "<group>"; };
		C33D470F266EF29A004C0437 /* RowView.swift */ = {isa = PBXFileReference; lastKnownFileType = sourcecode.swift; path = RowView.swift; sourceTree = "<group>"; };
		C33D4711266EF809004C0437 /* ListView.swift */ = {isa = PBXFileReference; lastKnownFileType = sourcecode.swift; path = ListView.swift; sourceTree = "<group>"; };
		C33D4713266EFA48004C0437 /* ListDetailView.swift */ = {isa = PBXFileReference; lastKnownFileType = sourcecode.swift; path = ListDetailView.swift; sourceTree = "<group>"; };
		C33D4716266F0C2E004C0437 /* StateView.swift */ = {isa = PBXFileReference; lastKnownFileType = sourcecode.swift; path = StateView.swift; sourceTree = "<group>"; };
		C33D4718266F0D29004C0437 /* BindingView.swift */ = {isa = PBXFileReference; lastKnownFileType = sourcecode.swift; path = BindingView.swift; sourceTree = "<group>"; };
		C345AB9E266F91640078E5E7 /* EnvironmentView.swift */ = {isa = PBXFileReference; lastKnownFileType = sourcecode.swift; path = EnvironmentView.swift; sourceTree = "<group>"; };
		C345ABA1266FB31B0078E5E7 /* Dispositive.swift */ = {isa = PBXFileReference; lastKnownFileType = sourcecode.swift; path = Dispositive.swift; sourceTree = "<group>"; };
		C3A6097C26727F6D00CCBFCD /* Controller3AxisView.swift */ = {isa = PBXFileReference; lastKnownFileType = sourcecode.swift; path = Controller3AxisView.swift; sourceTree = "<group>"; };
		C3A6097E2672823E00CCBFCD /* ControllerFenotipado.swift */ = {isa = PBXFileReference; lastKnownFileType = sourcecode.swift; path = ControllerFenotipado.swift; sourceTree = "<group>"; };
		C3CC7FF4266E7ADA0067B857 /* ControlADOX.app */ = {isa = PBXFileReference; explicitFileType = wrapper.application; includeInIndex = 0; path = ControlADOX.app; sourceTree = BUILT_PRODUCTS_DIR; };
		C3CC7FF7266E7ADA0067B857 /* ControlADOXApp.swift */ = {isa = PBXFileReference; lastKnownFileType = sourcecode.swift; path = ControlADOXApp.swift; sourceTree = "<group>"; };
		C3CC7FF9266E7ADA0067B857 /* ContentView.swift */ = {isa = PBXFileReference; lastKnownFileType = sourcecode.swift; path = ContentView.swift; sourceTree = "<group>"; };
		C3CC7FFB266E7ADB0067B857 /* Assets.xcassets */ = {isa = PBXFileReference; lastKnownFileType = folder.assetcatalog; path = Assets.xcassets; sourceTree = "<group>"; };
		C3CC7FFE266E7ADB0067B857 /* Preview Assets.xcassets */ = {isa = PBXFileReference; lastKnownFileType = folder.assetcatalog; path = "Preview Assets.xcassets"; sourceTree = "<group>"; };
		C3CC8000266E7ADB0067B857 /* Info.plist */ = {isa = PBXFileReference; lastKnownFileType = text.plist.xml; path = Info.plist; sourceTree = "<group>"; };
		C3CC8005266E7ADB0067B857 /* ControlADOXTests.xctest */ = {isa = PBXFileReference; explicitFileType = wrapper.cfbundle; includeInIndex = 0; path = ControlADOXTests.xctest; sourceTree = BUILT_PRODUCTS_DIR; };
		C3CC8009266E7ADB0067B857 /* ControlADOXTests.swift */ = {isa = PBXFileReference; lastKnownFileType = sourcecode.swift; path = ControlADOXTests.swift; sourceTree = "<group>"; };
		C3CC800B266E7ADB0067B857 /* Info.plist */ = {isa = PBXFileReference; lastKnownFileType = text.plist.xml; path = Info.plist; sourceTree = "<group>"; };
		C3CC8010266E7ADB0067B857 /* ControlADOXUITests.xctest */ = {isa = PBXFileReference; explicitFileType = wrapper.cfbundle; includeInIndex = 0; path = ControlADOXUITests.xctest; sourceTree = BUILT_PRODUCTS_DIR; };
		C3CC8014266E7ADB0067B857 /* ControlADOXUITests.swift */ = {isa = PBXFileReference; lastKnownFileType = sourcecode.swift; path = ControlADOXUITests.swift; sourceTree = "<group>"; };
		C3CC8016266E7ADB0067B857 /* Info.plist */ = {isa = PBXFileReference; lastKnownFileType = text.plist.xml; path = Info.plist; sourceTree = "<group>"; };
/* End PBXFileReference section */

/* Begin PBXFrameworksBuildPhase section */
		C3CC7FF1266E7ADA0067B857 /* Frameworks */ = {
			isa = PBXFrameworksBuildPhase;
			buildActionMask = 2147483647;
			files = (
			);
			runOnlyForDeploymentPostprocessing = 0;
		};
		C3CC8002266E7ADB0067B857 /* Frameworks */ = {
			isa = PBXFrameworksBuildPhase;
			buildActionMask = 2147483647;
			files = (
			);
			runOnlyForDeploymentPostprocessing = 0;
		};
		C3CC800D266E7ADB0067B857 /* Frameworks */ = {
			isa = PBXFrameworksBuildPhase;
			buildActionMask = 2147483647;
			files = (
			);
			runOnlyForDeploymentPostprocessing = 0;
		};
/* End PBXFrameworksBuildPhase section */

/* Begin PBXGroup section */
		C33D470B266EF20C004C0437 /* Data */ = {
			isa = PBXGroup;
			children = (
				C33D470C266EF22B004C0437 /* Programmer.swift */,
				C345ABA1266FB31B0078E5E7 /* Dispositive.swift */,
			);
			path = Data;
			sourceTree = "<group>";
		};
		C33D470E266EF281004C0437 /* Views */ = {
			isa = PBXGroup;
			children = (
				C345ABA3266FB8E40078E5E7 /* Dispositives */,
				C3CC7FF9266E7ADA0067B857 /* ContentView.swift */,
				C33D4703266ED7DE004C0437 /* ImageView.swift */,
				C33D470F266EF29A004C0437 /* RowView.swift */,
				C33D4711266EF809004C0437 /* ListView.swift */,
			);
			path = Views;
			sourceTree = "<group>";
		};
		C33D4715266F0C13004C0437 /* PropertyWrappers */ = {
			isa = PBXGroup;
			children = (
				C33D4716266F0C2E004C0437 /* StateView.swift */,
				C33D4718266F0D29004C0437 /* BindingView.swift */,
				C345AB9E266F91640078E5E7 /* EnvironmentView.swift */,
			);
			path = PropertyWrappers;
			sourceTree = "<group>";
		};
		C345ABA3266FB8E40078E5E7 /* Dispositives */ = {
			isa = PBXGroup;
			children = (
				C3A6097726727EAD00CCBFCD /* Controllers */,
				C33D4713266EFA48004C0437 /* ListDetailView.swift */,
			);
			path = Dispositives;
			sourceTree = "<group>";
		};
		C3A6097726727EAD00CCBFCD /* Controllers */ = {
			isa = PBXGroup;
			children = (
				C3A6097C26727F6D00CCBFCD /* Controller3AxisView.swift */,
				C3A6097E2672823E00CCBFCD /* ControllerFenotipado.swift */,
			);
			path = Controllers;
			sourceTree = "<group>";
		};
		C3CC7FEB266E7ADA0067B857 = {
			isa = PBXGroup;
			children = (
				C3CC7FF6266E7ADA0067B857 /* ControlADOX */,
				C3CC8008266E7ADB0067B857 /* ControlADOXTests */,
				C3CC8013266E7ADB0067B857 /* ControlADOXUITests */,
				C3CC7FF5266E7ADA0067B857 /* Products */,
			);
			sourceTree = "<group>";
		};
		C3CC7FF5266E7ADA0067B857 /* Products */ = {
			isa = PBXGroup;
			children = (
				C3CC7FF4266E7ADA0067B857 /* ControlADOX.app */,
				C3CC8005266E7ADB0067B857 /* ControlADOXTests.xctest */,
				C3CC8010266E7ADB0067B857 /* ControlADOXUITests.xctest */,
			);
			name = Products;
			sourceTree = "<group>";
		};
		C3CC7FF6266E7ADA0067B857 /* ControlADOX */ = {
			isa = PBXGroup;
			children = (
				C3CC7FF7266E7ADA0067B857 /* ControlADOXApp.swift */,
				C33D4715266F0C13004C0437 /* PropertyWrappers */,
				C33D470E266EF281004C0437 /* Views */,
				C33D470B266EF20C004C0437 /* Data */,
				C3CC7FFB266E7ADB0067B857 /* Assets.xcassets */,
				C3CC8000266E7ADB0067B857 /* Info.plist */,
				C3CC7FFD266E7ADB0067B857 /* Preview Content */,
				C33D4709266EEE17004C0437 /* MainView.swift */,
			);
			path = ControlADOX;
			sourceTree = "<group>";
		};
		C3CC7FFD266E7ADB0067B857 /* Preview Content */ = {
			isa = PBXGroup;
			children = (
				C3CC7FFE266E7ADB0067B857 /* Preview Assets.xcassets */,
			);
			path = "Preview Content";
			sourceTree = "<group>";
		};
		C3CC8008266E7ADB0067B857 /* ControlADOXTests */ = {
			isa = PBXGroup;
			children = (
				C3CC8009266E7ADB0067B857 /* ControlADOXTests.swift */,
				C3CC800B266E7ADB0067B857 /* Info.plist */,
			);
			path = ControlADOXTests;
			sourceTree = "<group>";
		};
		C3CC8013266E7ADB0067B857 /* ControlADOXUITests */ = {
			isa = PBXGroup;
			children = (
				C3CC8014266E7ADB0067B857 /* ControlADOXUITests.swift */,
				C3CC8016266E7ADB0067B857 /* Info.plist */,
			);
			path = ControlADOXUITests;
			sourceTree = "<group>";
		};
/* End PBXGroup section */

/* Begin PBXNativeTarget section */
		C3CC7FF3266E7ADA0067B857 /* ControlADOX */ = {
			isa = PBXNativeTarget;
			buildConfigurationList = C3CC8019266E7ADB0067B857 /* Build configuration list for PBXNativeTarget "ControlADOX" */;
			buildPhases = (
				C3CC7FF0266E7ADA0067B857 /* Sources */,
				C3CC7FF1266E7ADA0067B857 /* Frameworks */,
				C3CC7FF2266E7ADA0067B857 /* Resources */,
			);
			buildRules = (
			);
			dependencies = (
			);
			name = ControlADOX;
			productName = ControlADOX;
			productReference = C3CC7FF4266E7ADA0067B857 /* ControlADOX.app */;
			productType = "com.apple.product-type.application";
		};
		C3CC8004266E7ADB0067B857 /* ControlADOXTests */ = {
			isa = PBXNativeTarget;
			buildConfigurationList = C3CC801C266E7ADB0067B857 /* Build configuration list for PBXNativeTarget "ControlADOXTests" */;
			buildPhases = (
				C3CC8001266E7ADB0067B857 /* Sources */,
				C3CC8002266E7ADB0067B857 /* Frameworks */,
				C3CC8003266E7ADB0067B857 /* Resources */,
			);
			buildRules = (
			);
			dependencies = (
				C3CC8007266E7ADB0067B857 /* PBXTargetDependency */,
			);
			name = ControlADOXTests;
			productName = ControlADOXTests;
			productReference = C3CC8005266E7ADB0067B857 /* ControlADOXTests.xctest */;
			productType = "com.apple.product-type.bundle.unit-test";
		};
		C3CC800F266E7ADB0067B857 /* ControlADOXUITests */ = {
			isa = PBXNativeTarget;
			buildConfigurationList = C3CC801F266E7ADB0067B857 /* Build configuration list for PBXNativeTarget "ControlADOXUITests" */;
			buildPhases = (
				C3CC800C266E7ADB0067B857 /* Sources */,
				C3CC800D266E7ADB0067B857 /* Frameworks */,
				C3CC800E266E7ADB0067B857 /* Resources */,
			);
			buildRules = (
			);
			dependencies = (
				C3CC8012266E7ADB0067B857 /* PBXTargetDependency */,
			);
			name = ControlADOXUITests;
			productName = ControlADOXUITests;
			productReference = C3CC8010266E7ADB0067B857 /* ControlADOXUITests.xctest */;
			productType = "com.apple.product-type.bundle.ui-testing";
		};
/* End PBXNativeTarget section */

/* Begin PBXProject section */
		C3CC7FEC266E7ADA0067B857 /* Project object */ = {
			isa = PBXProject;
			attributes = {
				LastSwiftUpdateCheck = 1250;
				LastUpgradeCheck = 1250;
				TargetAttributes = {
					C3CC7FF3266E7ADA0067B857 = {
						CreatedOnToolsVersion = 12.5;
					};
					C3CC8004266E7ADB0067B857 = {
						CreatedOnToolsVersion = 12.5;
						TestTargetID = C3CC7FF3266E7ADA0067B857;
					};
					C3CC800F266E7ADB0067B857 = {
						CreatedOnToolsVersion = 12.5;
						TestTargetID = C3CC7FF3266E7ADA0067B857;
					};
				};
			};
			buildConfigurationList = C3CC7FEF266E7ADA0067B857 /* Build configuration list for PBXProject "ControlADOX" */;
			compatibilityVersion = "Xcode 9.3";
			developmentRegion = en;
			hasScannedForEncodings = 0;
			knownRegions = (
				en,
				Base,
			);
			mainGroup = C3CC7FEB266E7ADA0067B857;
			productRefGroup = C3CC7FF5266E7ADA0067B857 /* Products */;
			projectDirPath = "";
			projectRoot = "";
			targets = (
				C3CC7FF3266E7ADA0067B857 /* ControlADOX */,
				C3CC8004266E7ADB0067B857 /* ControlADOXTests */,
				C3CC800F266E7ADB0067B857 /* ControlADOXUITests */,
			);
		};
/* End PBXProject section */

/* Begin PBXResourcesBuildPhase section */
		C3CC7FF2266E7ADA0067B857 /* Resources */ = {
			isa = PBXResourcesBuildPhase;
			buildActionMask = 2147483647;
			files = (
				C3CC7FFF266E7ADB0067B857 /* Preview Assets.xcassets in Resources */,
				C3CC7FFC266E7ADB0067B857 /* Assets.xcassets in Resources */,
			);
			runOnlyForDeploymentPostprocessing = 0;
		};
		C3CC8003266E7ADB0067B857 /* Resources */ = {
			isa = PBXResourcesBuildPhase;
			buildActionMask = 2147483647;
			files = (
			);
			runOnlyForDeploymentPostprocessing = 0;
		};
		C3CC800E266E7ADB0067B857 /* Resources */ = {
			isa = PBXResourcesBuildPhase;
			buildActionMask = 2147483647;
			files = (
			);
			runOnlyForDeploymentPostprocessing = 0;
		};
/* End PBXResourcesBuildPhase section */

/* Begin PBXSourcesBuildPhase section */
		C3CC7FF0266E7ADA0067B857 /* Sources */ = {
			isa = PBXSourcesBuildPhase;
			buildActionMask = 2147483647;
			files = (
				C33D4704266ED7DE004C0437 /* ImageView.swift in Sources */,
				C33D4714266EFA48004C0437 /* ListDetailView.swift in Sources */,
				C33D4719266F0D29004C0437 /* BindingView.swift in Sources */,
				C3A6097D26727F6D00CCBFCD /* Controller3AxisView.swift in Sources */,
				C33D4710266EF29A004C0437 /* RowView.swift in Sources */,
				C33D470D266EF22B004C0437 /* Programmer.swift in Sources */,
				C345AB9F266F91640078E5E7 /* EnvironmentView.swift in Sources */,
				C33D4712266EF809004C0437 /* ListView.swift in Sources */,
				C3CC7FFA266E7ADA0067B857 /* ContentView.swift in Sources */,
				C33D4717266F0C2E004C0437 /* StateView.swift in Sources */,
				C3A6097F2672823E00CCBFCD /* ControllerFenotipado.swift in Sources */,
				C33D470A266EEE17004C0437 /* MainView.swift in Sources */,
				C3CC7FF8266E7ADA0067B857 /* ControlADOXApp.swift in Sources */,
				C345ABA2266FB31B0078E5E7 /* Dispositive.swift in Sources */,
			);
			runOnlyForDeploymentPostprocessing = 0;
		};
		C3CC8001266E7ADB0067B857 /* Sources */ = {
			isa = PBXSourcesBuildPhase;
			buildActionMask = 2147483647;
			files = (
				C3CC800A266E7ADB0067B857 /* ControlADOXTests.swift in Sources */,
			);
			runOnlyForDeploymentPostprocessing = 0;
		};
		C3CC800C266E7ADB0067B857 /* Sources */ = {
			isa = PBXSourcesBuildPhase;
			buildActionMask = 2147483647;
			files = (
				C3CC8015266E7ADB0067B857 /* ControlADOXUITests.swift in Sources */,
			);
			runOnlyForDeploymentPostprocessing = 0;
		};
/* End PBXSourcesBuildPhase section */

/* Begin PBXTargetDependency section */
		C3CC8007266E7ADB0067B857 /* PBXTargetDependency */ = {
			isa = PBXTargetDependency;
			target = C3CC7FF3266E7ADA0067B857 /* ControlADOX */;
			targetProxy = C3CC8006266E7ADB0067B857 /* PBXContainerItemProxy */;
		};
		C3CC8012266E7ADB0067B857 /* PBXTargetDependency */ = {
			isa = PBXTargetDependency;
			target = C3CC7FF3266E7ADA0067B857 /* ControlADOX */;
			targetProxy = C3CC8011266E7ADB0067B857 /* PBXContainerItemProxy */;
		};
/* End PBXTargetDependency section */

/* Begin XCBuildConfiguration section */
		C3CC8017266E7ADB0067B857 /* Debug */ = {
			isa = XCBuildConfiguration;
			buildSettings = {
				ALWAYS_SEARCH_USER_PATHS = NO;
				CLANG_ANALYZER_NONNULL = YES;
				CLANG_ANALYZER_NUMBER_OBJECT_CONVERSION = YES_AGGRESSIVE;
				CLANG_CXX_LANGUAGE_STANDARD = "gnu++14";
				CLANG_CXX_LIBRARY = "libc++";
				CLANG_ENABLE_MODULES = YES;
				CLANG_ENABLE_OBJC_ARC = YES;
				CLANG_ENABLE_OBJC_WEAK = YES;
				CLANG_WARN_BLOCK_CAPTURE_AUTORELEASING = YES;
				CLANG_WARN_BOOL_CONVERSION = YES;
				CLANG_WARN_COMMA = YES;
				CLANG_WARN_CONSTANT_CONVERSION = YES;
				CLANG_WARN_DEPRECATED_OBJC_IMPLEMENTATIONS = YES;
				CLANG_WARN_DIRECT_OBJC_ISA_USAGE = YES_ERROR;
				CLANG_WARN_DOCUMENTATION_COMMENTS = YES;
				CLANG_WARN_EMPTY_BODY = YES;
				CLANG_WARN_ENUM_CONVERSION = YES;
				CLANG_WARN_INFINITE_RECURSION = YES;
				CLANG_WARN_INT_CONVERSION = YES;
				CLANG_WARN_NON_LITERAL_NULL_CONVERSION = YES;
				CLANG_WARN_OBJC_IMPLICIT_RETAIN_SELF = YES;
				CLANG_WARN_OBJC_LITERAL_CONVERSION = YES;
				CLANG_WARN_OBJC_ROOT_CLASS = YES_ERROR;
				CLANG_WARN_QUOTED_INCLUDE_IN_FRAMEWORK_HEADER = YES;
				CLANG_WARN_RANGE_LOOP_ANALYSIS = YES;
				CLANG_WARN_STRICT_PROTOTYPES = YES;
				CLANG_WARN_SUSPICIOUS_MOVE = YES;
				CLANG_WARN_UNGUARDED_AVAILABILITY = YES_AGGRESSIVE;
				CLANG_WARN_UNREACHABLE_CODE = YES;
				CLANG_WARN__DUPLICATE_METHOD_MATCH = YES;
				COPY_PHASE_STRIP = NO;
				DEBUG_INFORMATION_FORMAT = dwarf;
				ENABLE_STRICT_OBJC_MSGSEND = YES;
				ENABLE_TESTABILITY = YES;
				GCC_C_LANGUAGE_STANDARD = gnu11;
				GCC_DYNAMIC_NO_PIC = NO;
				GCC_NO_COMMON_BLOCKS = YES;
				GCC_OPTIMIZATION_LEVEL = 0;
				GCC_PREPROCESSOR_DEFINITIONS = (
					"DEBUG=1",
					"$(inherited)",
				);
				GCC_WARN_64_TO_32_BIT_CONVERSION = YES;
				GCC_WARN_ABOUT_RETURN_TYPE = YES_ERROR;
				GCC_WARN_UNDECLARED_SELECTOR = YES;
				GCC_WARN_UNINITIALIZED_AUTOS = YES_AGGRESSIVE;
				GCC_WARN_UNUSED_FUNCTION = YES;
				GCC_WARN_UNUSED_VARIABLE = YES;
				IPHONEOS_DEPLOYMENT_TARGET = 14.5;
				MTL_ENABLE_DEBUG_INFO = INCLUDE_SOURCE;
				MTL_FAST_MATH = YES;
				ONLY_ACTIVE_ARCH = YES;
				SDKROOT = iphoneos;
				SWIFT_ACTIVE_COMPILATION_CONDITIONS = DEBUG;
				SWIFT_OPTIMIZATION_LEVEL = "-Onone";
			};
			name = Debug;
		};
		C3CC8018266E7ADB0067B857 /* Release */ = {
			isa = XCBuildConfiguration;
			buildSettings = {
				ALWAYS_SEARCH_USER_PATHS = NO;
				CLANG_ANALYZER_NONNULL = YES;
				CLANG_ANALYZER_NUMBER_OBJECT_CONVERSION = YES_AGGRESSIVE;
				CLANG_CXX_LANGUAGE_STANDARD = "gnu++14";
				CLANG_CXX_LIBRARY = "libc++";
				CLANG_ENABLE_MODULES = YES;
				CLANG_ENABLE_OBJC_ARC = YES;
				CLANG_ENABLE_OBJC_WEAK = YES;
				CLANG_WARN_BLOCK_CAPTURE_AUTORELEASING = YES;
				CLANG_WARN_BOOL_CONVERSION = YES;
				CLANG_WARN_COMMA = YES;
				CLANG_WARN_CONSTANT_CONVERSION = YES;
				CLANG_WARN_DEPRECATED_OBJC_IMPLEMENTATIONS = YES;
				CLANG_WARN_DIRECT_OBJC_ISA_USAGE = YES_ERROR;
				CLANG_WARN_DOCUMENTATION_COMMENTS = YES;
				CLANG_WARN_EMPTY_BODY = YES;
				CLANG_WARN_ENUM_CONVERSION = YES;
				CLANG_WARN_INFINITE_RECURSION = YES;
				CLANG_WARN_INT_CONVERSION = YES;
				CLANG_WARN_NON_LITERAL_NULL_CONVERSION = YES;
				CLANG_WARN_OBJC_IMPLICIT_RETAIN_SELF = YES;
				CLANG_WARN_OBJC_LITERAL_CONVERSION = YES;
				CLANG_WARN_OBJC_ROOT_CLASS = YES_ERROR;
				CLANG_WARN_QUOTED_INCLUDE_IN_FRAMEWORK_HEADER = YES;
				CLANG_WARN_RANGE_LOOP_ANALYSIS = YES;
				CLANG_WARN_STRICT_PROTOTYPES = YES;
				CLANG_WARN_SUSPICIOUS_MOVE = YES;
				CLANG_WARN_UNGUARDED_AVAILABILITY = YES_AGGRESSIVE;
				CLANG_WARN_UNREACHABLE_CODE = YES;
				CLANG_WARN__DUPLICATE_METHOD_MATCH = YES;
				COPY_PHASE_STRIP = NO;
				DEBUG_INFORMATION_FORMAT = "dwarf-with-dsym";
				ENABLE_NS_ASSERTIONS = NO;
				ENABLE_STRICT_OBJC_MSGSEND = YES;
				GCC_C_LANGUAGE_STANDARD = gnu11;
				GCC_NO_COMMON_BLOCKS = YES;
				GCC_WARN_64_TO_32_BIT_CONVERSION = YES;
				GCC_WARN_ABOUT_RETURN_TYPE = YES_ERROR;
				GCC_WARN_UNDECLARED_SELECTOR = YES;
				GCC_WARN_UNINITIALIZED_AUTOS = YES_AGGRESSIVE;
				GCC_WARN_UNUSED_FUNCTION = YES;
				GCC_WARN_UNUSED_VARIABLE = YES;
				IPHONEOS_DEPLOYMENT_TARGET = 14.5;
				MTL_ENABLE_DEBUG_INFO = NO;
				MTL_FAST_MATH = YES;
				SDKROOT = iphoneos;
				SWIFT_COMPILATION_MODE = wholemodule;
				SWIFT_OPTIMIZATION_LEVEL = "-O";
				VALIDATE_PRODUCT = YES;
			};
			name = Release;
		};
		C3CC801A266E7ADB0067B857 /* Debug */ = {
			isa = XCBuildConfiguration;
			buildSettings = {
				ASSETCATALOG_COMPILER_APPICON_NAME = AppIcon;
				ASSETCATALOG_COMPILER_GLOBAL_ACCENT_COLOR_NAME = AccentColor;
				CODE_SIGN_STYLE = Automatic;
				DEVELOPMENT_ASSET_PATHS = "\"ControlADOX/Preview Content\"";
				DEVELOPMENT_TEAM = M3H7BYVNPX;
				ENABLE_PREVIEWS = YES;
				INFOPLIST_FILE = ControlADOX/Info.plist;
				IPHONEOS_DEPLOYMENT_TARGET = 14.0;
				LD_RUNPATH_SEARCH_PATHS = (
					"$(inherited)",
					"@executable_path/Frameworks",
				);
				PRODUCT_BUNDLE_IDENTIFIER = teootoledo.ControlADOX;
				PRODUCT_NAME = "$(TARGET_NAME)";
				SWIFT_VERSION = 5.0;
				TARGETED_DEVICE_FAMILY = "1,2";
			};
			name = Debug;
		};
		C3CC801B266E7ADB0067B857 /* Release */ = {
			isa = XCBuildConfiguration;
			buildSettings = {
				ASSETCATALOG_COMPILER_APPICON_NAME = AppIcon;
				ASSETCATALOG_COMPILER_GLOBAL_ACCENT_COLOR_NAME = AccentColor;
				CODE_SIGN_STYLE = Automatic;
				DEVELOPMENT_ASSET_PATHS = "\"ControlADOX/Preview Content\"";
				DEVELOPMENT_TEAM = M3H7BYVNPX;
				ENABLE_PREVIEWS = YES;
				INFOPLIST_FILE = ControlADOX/Info.plist;
				IPHONEOS_DEPLOYMENT_TARGET = 14.0;
				LD_RUNPATH_SEARCH_PATHS = (
					"$(inherited)",
					"@executable_path/Frameworks",
				);
				PRODUCT_BUNDLE_IDENTIFIER = teootoledo.ControlADOX;
				PRODUCT_NAME = "$(TARGET_NAME)";
				SWIFT_VERSION = 5.0;
				TARGETED_DEVICE_FAMILY = "1,2";
			};
			name = Release;
		};
		C3CC801D266E7ADB0067B857 /* Debug */ = {
			isa = XCBuildConfiguration;
			buildSettings = {
				ALWAYS_EMBED_SWIFT_STANDARD_LIBRARIES = YES;
				BUNDLE_LOADER = "$(TEST_HOST)";
				CODE_SIGN_STYLE = Automatic;
				DEVELOPMENT_TEAM = M3H7BYVNPX;
				INFOPLIST_FILE = ControlADOXTests/Info.plist;
				IPHONEOS_DEPLOYMENT_TARGET = 14.0;
				LD_RUNPATH_SEARCH_PATHS = (
					"$(inherited)",
					"@executable_path/Frameworks",
					"@loader_path/Frameworks",
				);
				PRODUCT_BUNDLE_IDENTIFIER = teootoledo.ControlADOXTests;
				PRODUCT_NAME = "$(TARGET_NAME)";
				SWIFT_VERSION = 5.0;
				TARGETED_DEVICE_FAMILY = "1,2";
				TEST_HOST = "$(BUILT_PRODUCTS_DIR)/ControlADOX.app/ControlADOX";
			};
			name = Debug;
		};
		C3CC801E266E7ADB0067B857 /* Release */ = {
			isa = XCBuildConfiguration;
			buildSettings = {
				ALWAYS_EMBED_SWIFT_STANDARD_LIBRARIES = YES;
				BUNDLE_LOADER = "$(TEST_HOST)";
				CODE_SIGN_STYLE = Automatic;
				DEVELOPMENT_TEAM = M3H7BYVNPX;
				INFOPLIST_FILE = ControlADOXTests/Info.plist;
				IPHONEOS_DEPLOYMENT_TARGET = 14.0;
				LD_RUNPATH_SEARCH_PATHS = (
					"$(inherited)",
					"@executable_path/Frameworks",
					"@loader_path/Frameworks",
				);
				PRODUCT_BUNDLE_IDENTIFIER = teootoledo.ControlADOXTests;
				PRODUCT_NAME = "$(TARGET_NAME)";
				SWIFT_VERSION = 5.0;
				TARGETED_DEVICE_FAMILY = "1,2";
				TEST_HOST = "$(BUILT_PRODUCTS_DIR)/ControlADOX.app/ControlADOX";
			};
			name = Release;
		};
		C3CC8020266E7ADB0067B857 /* Debug */ = {
			isa = XCBuildConfiguration;
			buildSettings = {
				ALWAYS_EMBED_SWIFT_STANDARD_LIBRARIES = YES;
				CODE_SIGN_STYLE = Automatic;
				DEVELOPMENT_TEAM = M3H7BYVNPX;
				INFOPLIST_FILE = ControlADOXUITests/Info.plist;
				LD_RUNPATH_SEARCH_PATHS = (
					"$(inherited)",
					"@executable_path/Frameworks",
					"@loader_path/Frameworks",
				);
				PRODUCT_BUNDLE_IDENTIFIER = teootoledo.ControlADOXUITests;
				PRODUCT_NAME = "$(TARGET_NAME)";
				SWIFT_VERSION = 5.0;
				TARGETED_DEVICE_FAMILY = "1,2";
				TEST_TARGET_NAME = ControlADOX;
			};
			name = Debug;
		};
		C3CC8021266E7ADB0067B857 /* Release */ = {
			isa = XCBuildConfiguration;
			buildSettings = {
				ALWAYS_EMBED_SWIFT_STANDARD_LIBRARIES = YES;
				CODE_SIGN_STYLE = Automatic;
				DEVELOPMENT_TEAM = M3H7BYVNPX;
				INFOPLIST_FILE = ControlADOXUITests/Info.plist;
				LD_RUNPATH_SEARCH_PATHS = (
					"$(inherited)",
					"@executable_path/Frameworks",
					"@loader_path/Frameworks",
				);
				PRODUCT_BUNDLE_IDENTIFIER = teootoledo.ControlADOXUITests;
				PRODUCT_NAME = "$(TARGET_NAME)";
				SWIFT_VERSION = 5.0;
				TARGETED_DEVICE_FAMILY = "1,2";
				TEST_TARGET_NAME = ControlADOX;
			};
			name = Release;
		};
/* End XCBuildConfiguration section */

/* Begin XCConfigurationList section */
		C3CC7FEF266E7ADA0067B857 /* Build configuration list for PBXProject "ControlADOX" */ = {
			isa = XCConfigurationList;
			buildConfigurations = (
				C3CC8017266E7ADB0067B857 /* Debug */,
				C3CC8018266E7ADB0067B857 /* Release */,
			);
			defaultConfigurationIsVisible = 0;
			defaultConfigurationName = Release;
		};
		C3CC8019266E7ADB0067B857 /* Build configuration list for PBXNativeTarget "ControlADOX" */ = {
			isa = XCConfigurationList;
			buildConfigurations = (
				C3CC801A266E7ADB0067B857 /* Debug */,
				C3CC801B266E7ADB0067B857 /* Release */,
			);
			defaultConfigurationIsVisible = 0;
			defaultConfigurationName = Release;
		};
		C3CC801C266E7ADB0067B857 /* Build configuration list for PBXNativeTarget "ControlADOXTests" */ = {
			isa = XCConfigurationList;
			buildConfigurations = (
				C3CC801D266E7ADB0067B857 /* Debug */,
				C3CC801E266E7ADB0067B857 /* Release */,
			);
			defaultConfigurationIsVisible = 0;
			defaultConfigurationName = Release;
		};
		C3CC801F266E7ADB0067B857 /* Build configuration list for PBXNativeTarget "ControlADOXUITests" */ = {
			isa = XCConfigurationList;
			buildConfigurations = (
				C3CC8020266E7ADB0067B857 /* Debug */,
				C3CC8021266E7ADB0067B857 /* Release */,
			);
			defaultConfigurationIsVisible = 0;
			defaultConfigurationName = Release;
		};
/* End XCConfigurationList section */
	};
	rootObject = C3CC7FEC266E7ADA0067B857 /* Project object */;
}
